
Microsoft Visual Studio Solution File, Format Version 12.00
# Visual Studio 15
VisualStudioVersion = 15.0.28307.136
MinimumVisualStudioVersion = 10.0.40219.1
Project("{FAE04EC0-301F-11D3-BF4B-00C04F79EFBC}") = "Cauldron", "Cauldron\Cauldron.csproj", "{FAC81BCE-0B37-4A4A-B823-17E9C1704EA5}"
EndProject
Global
	GlobalSection(SolutionConfigurationPlatforms) = preSolution
		Debug|Any CPU = Debug|Any CPU
		Debug|x64 = Debug|x64
		Release|Any CPU = Release|Any CPU
		Release|x64 = Release|x64
	EndGlobalSection
	GlobalSection(ProjectConfigurationPlatforms) = postSolution
		{FAC81BCE-0B37-4A4A-B823-17E9C1704EA5}.Debug|Any CPU.ActiveCfg = Debug|Any CPU
		{FAC81BCE-0B37-4A4A-B823-17E9C1704EA5}.Debug|Any CPU.Build.0 = Debug|Any CPU
		{FAC81BCE-0B37-4A4A-B823-17E9C1704EA5}.Debug|x64.ActiveCfg = Debug|x64
		{FAC81BCE-0B37-4A4A-B823-17E9C1704EA5}.Debug|x64.Build.0 = Debug|x64
		{FAC81BCE-0B37-4A4A-B823-17E9C1704EA5}.Release|Any CPU.ActiveCfg = Release|Any CPU
		{FAC81BCE-0B37-4A4A-B823-17E9C1704EA5}.Release|Any CPU.Build.0 = Release|Any CPU
		{FAC81BCE-0B37-4A4A-B823-17E9C1704EA5}.Release|x64.ActiveCfg = Release|x64
		{FAC81BCE-0B37-4A4A-B823-17E9C1704EA5}.Release|x64.Build.0 = Release|x64
	EndGlobalSection
	GlobalSection(SolutionProperties) = preSolution
		HideSolutionNode = FALSE
	EndGlobalSection
	GlobalSection(ExtensibilityGlobals) = postSolution
		SolutionGuid = {335BA30C-51FE-49E5-BC25-67B3679CA0CB}
	EndGlobalSection
EndGlobal
